<?xml version="1.0" encoding="utf-8"?>
<Project ToolsVersion="4.0" xmlns="http://schemas.microsoft.com/developer/msbuild/2003">
  <ItemGroup>
    <Filter Include="ソース ファイル">
      <UniqueIdentifier>{4FC737F1-C7A5-4376-A066-2A32D752A2FF}</UniqueIdentifier>
      <Extensions>cpp;c;cc;cxx;def;odl;idl;hpj;bat;asm;asmx</Extensions>
    </Filter>
    <Filter Include="ヘッダー ファイル">
      <UniqueIdentifier>{93995380-89BD-4b04-88EB-625FBE52EBFB}</UniqueIdentifier>
      <Extensions>h;hh;hpp;hxx;hm;inl;inc;ipp;xsd</Extensions>
    </Filter>
    <Filter Include="リソース ファイル">
      <UniqueIdentifier>{67DA6AB6-F800-4c08-8B7A-83BB121AAD01}</UniqueIdentifier>
      <Extensions>rc;ico;cur;bmp;dlg;rc2;rct;bin;rgs;gif;jpg;jpeg;jpe;resx;tiff;tif;png;wav;mfcribbon-ms</Extensions>
    </Filter>
    <Filter Include="ソース ファイル\Item">
      <UniqueIdentifier>{9b52114c-5713-4afd-828f-eb41b447119f}</UniqueIdentifier>
    </Filter>
    <Filter Include="ソース ファイル\mainSave">
      <UniqueIdentifier>{fe70343e-1eda-48b6-b5c2-0f157f5eedbb}</UniqueIdentifier>
    </Filter>
    <Filter Include="ソース ファイル\Menu">
      <UniqueIdentifier>{3ced9b1e-fdcc-4715-999c-2d980d697c62}</UniqueIdentifier>
    </Filter>
    <Filter Include="ソース ファイル\GameOver">
      <UniqueIdentifier>{f0c22939-a381-41cf-85f7-075a0ca5687c}</UniqueIdentifier>
    </Filter>
    <Filter Include="ソース ファイル\Title">
      <UniqueIdentifier>{820ba590-211d-4b31-a712-8981ea1eb56c}</UniqueIdentifier>
    </Filter>
    <Filter Include="ソース ファイル\Road">
      <UniqueIdentifier>{8489e961-d085-43e2-ab10-a9fa266f78bf}</UniqueIdentifier>
    </Filter>
    <Filter Include="ソース ファイル\Furniture">
      <UniqueIdentifier>{4c23f0bf-4208-4620-80e9-a4b6013188b1}</UniqueIdentifier>
    </Filter>
    <Filter Include="ソース ファイル\Enemy">
      <UniqueIdentifier>{442e2d59-6d6e-42b4-b298-30514e2d4b9a}</UniqueIdentifier>
    </Filter>
    <Filter Include="ソース ファイル\Stage">
      <UniqueIdentifier>{d4c33757-cb2d-4436-bb40-914689050bf6}</UniqueIdentifier>
    </Filter>
    <Filter Include="ソース ファイル\Save1">
      <UniqueIdentifier>{136ae6e4-b616-4e98-aa44-4aed89df6b3c}</UniqueIdentifier>
    </Filter>
    <Filter Include="ソース ファイル\Save2">
      <UniqueIdentifier>{650c72f8-b945-4bf8-89e9-6dbae3264978}</UniqueIdentifier>
    </Filter>
    <Filter Include="ソース ファイル\Map">
      <UniqueIdentifier>{2ce77504-a045-4121-bec6-79345c05866f}</UniqueIdentifier>
    </Filter>
    <Filter Include="ソース ファイル\Tear spray Equipment">
      <UniqueIdentifier>{2d207246-329d-4230-9900-5f92a8bb0743}</UniqueIdentifier>
    </Filter>
    <Filter Include="ソース ファイル\Cross Equipment">
      <UniqueIdentifier>{dd6b6aa5-3919-4793-b78a-6176f5f6455b}</UniqueIdentifier>
    </Filter>
    <Filter Include="ソース ファイル\Hero">
      <UniqueIdentifier>{4a77a3bf-f683-4e12-b3f8-ee0efd33c8f7}</UniqueIdentifier>
    </Filter>
    <Filter Include="ソース ファイル\Save3">
      <UniqueIdentifier>{0033fc82-399f-4c70-af4f-02dc5da637c8}</UniqueIdentifier>
    </Filter>
    <Filter Include="ソース ファイル\NewFilter1">
      <UniqueIdentifier>{1950bae1-5980-483f-a264-2e0e290c663c}</UniqueIdentifier>
    </Filter>
  </ItemGroup>
  <ItemGroup>
    <ClCompile Include="GameL\Audio.cpp">
      <Filter>リソース ファイル</Filter>
    </ClCompile>
    <ClCompile Include="GameL\DirectXDevice.cpp">
      <Filter>リソース ファイル</Filter>
    </ClCompile>
    <ClCompile Include="GameL\Draw2DTex_Source.cpp">
      <Filter>リソース ファイル</Filter>
    </ClCompile>
    <ClCompile Include="GameL\DrawFont.cpp">
      <Filter>リソース ファイル</Filter>
    </ClCompile>
    <ClCompile Include="GameL\DrawTexture.cpp">
      <Filter>リソース ファイル</Filter>
    </ClCompile>
    <ClCompile Include="GameL\GameL_Main.cpp">
      <Filter>リソース ファイル</Filter>
    </ClCompile>
    <ClCompile Include="GameL\HitBoxManager.cpp">
      <Filter>リソース ファイル</Filter>
    </ClCompile>
    <ClCompile Include="GameL\MultiThread.cpp">
      <Filter>リソース ファイル</Filter>
    </ClCompile>
    <ClCompile Include="GameL\SceneManager.cpp">
      <Filter>リソース ファイル</Filter>
    </ClCompile>
    <ClCompile Include="GameL\SceneObjManager.cpp">
      <Filter>リソース ファイル</Filter>
    </ClCompile>
    <ClCompile Include="GameL\SetWindow.cpp">
      <Filter>リソース ファイル</Filter>
    </ClCompile>
    <ClCompile Include="GameL\UserData.cpp">
      <Filter>リソース ファイル</Filter>
    </ClCompile>
    <ClCompile Include="GameL\WinInputs.cpp">
      <Filter>リソース ファイル</Filter>
    </ClCompile>
    <ClCompile Include="ObjMenu.cpp">
      <Filter>ソース ファイル\Menu</Filter>
    </ClCompile>
    <ClCompile Include="SceneMain.cpp">
      <Filter>ソース ファイル</Filter>
    </ClCompile>
    <ClCompile Include="ObjItem.cpp">
      <Filter>ソース ファイル\Item</Filter>
    </ClCompile>
    <ClCompile Include="ObjMenu.cpp">
      <Filter>ソース ファイル\Menu</Filter>
    </ClCompile>
    <ClCompile Include="ScenemainSave.cpp">
      <Filter>ソース ファイル\mainSave</Filter>
    </ClCompile>
    <ClCompile Include="SceneSave1.cpp">
      <Filter>ソース ファイル\Save1</Filter>
    </ClCompile>
    <ClCompile Include="SceneSave2.cpp">
      <Filter>ソース ファイル\Save2</Filter>
    </ClCompile>
    <ClCompile Include="SceneSave3.cpp">
      <Filter>ソース ファイル\Save3</Filter>
    </ClCompile>
    <ClCompile Include="ObjmainSave.cpp">
      <Filter>ソース ファイル\mainSave</Filter>
    </ClCompile>
    <ClCompile Include="ObjSave1.cpp">
      <Filter>ソース ファイル\Save1</Filter>
    </ClCompile>
    <ClCompile Include="ObjSave2.cpp">
      <Filter>ソース ファイル\Save2</Filter>
    </ClCompile>
    <ClCompile Include="ObjSave3.cpp">
      <Filter>ソース ファイル\Save3</Filter>
    </ClCompile>
    <ClCompile Include="SceneMenu.cpp">
      <Filter>ソース ファイル\Menu</Filter>
    </ClCompile>
    <ClCompile Include="ObjItem.cpp">
      <Filter>ソース ファイル\Item</Filter>
    </ClCompile>
    <ClCompile Include="SceneItem.cpp">
      <Filter>ソース ファイル\Item</Filter>
    </ClCompile>
    <ClCompile Include="ObjGameOver.cpp">
      <Filter>ソース ファイル\GameOver</Filter>
    </ClCompile>
    <ClCompile Include="SceneGameOver.cpp">
      <Filter>ソース ファイル\GameOver</Filter>
    </ClCompile>
    <ClCompile Include="ObjRoad.cpp">
      <Filter>ソース ファイル\Road</Filter>
    </ClCompile>
    <ClCompile Include="SceneRoad.cpp">
      <Filter>ソース ファイル\Road</Filter>
    </ClCompile>
    <ClCompile Include="SceneTitle.cpp">
      <Filter>ソース ファイル\Title</Filter>
    </ClCompile>
    <ClCompile Include="ObjTitle.cpp">
      <Filter>ソース ファイル\Title</Filter>
    </ClCompile>
    <ClCompile Include="SceneTitle.cpp">
      <Filter>ソース ファイル\Title</Filter>
    </ClCompile>
    <ClCompile Include="SceneEquipped.cpp">
      <Filter>ソース ファイル\Tear spray Equipment</Filter>
    </ClCompile>
    <ClCompile Include="OBJEquipped.cpp">
      <Filter>ソース ファイル\Tear spray Equipment</Filter>
    </ClCompile>
    <ClCompile Include="OBJEquipped2.cpp">
      <Filter>ソース ファイル\Cross Equipment</Filter>
    </ClCompile>
    <ClCompile Include="SceneEquipped2.cpp">
      <Filter>ソース ファイル\Cross Equipment</Filter>
    </ClCompile>
    <ClCompile Include="Objtrap.cpp">
      <Filter>ソース ファイル</Filter>
    </ClCompile>
    <ClCompile Include="ObjEnemy.cpp">
      <Filter>ソース ファイル\Enemy</Filter>
    </ClCompile>
    <ClCompile Include="ObjHero.cpp">
      <Filter>ソース ファイル\Hero</Filter>
    </ClCompile>
    <ClCompile Include="objstage.cpp">
      <Filter>ソース ファイル\Stage</Filter>
    </ClCompile>
    <ClCompile Include="ObjMap.cpp">
      <Filter>ソース ファイル\Map</Filter>
    </ClCompile>
    <ClCompile Include="ObjFurniture.cpp">
      <Filter>ソース ファイル\Furniture</Filter>
    </ClCompile>
    <ClCompile Include="ObjFurniture1.cpp">
      <Filter>ソース ファイル\Furniture</Filter>
    </ClCompile>
    <ClCompile Include="ObjFurnirure2.cpp">
      <Filter>ソース ファイル\Furniture</Filter>
    </ClCompile>
    <ClCompile Include="SceneEquipped3.cpp">
      <Filter>ソース ファイル\NewFilter1</Filter>
    </ClCompile>
    <ClCompile Include="OBJEquipped3.cpp">
      <Filter>ソース ファイル\NewFilter1</Filter>
    </ClCompile>
  </ItemGroup>
  <ItemGroup>
    <ClInclude Include="GameL\Audio.h">
      <Filter>リソース ファイル</Filter>
    </ClInclude>
    <ClInclude Include="GameL\DirectXDevice.h">
      <Filter>リソース ファイル</Filter>
    </ClInclude>
    <ClInclude Include="GameL\DrawFont.h">
      <Filter>リソース ファイル</Filter>
    </ClInclude>
    <ClInclude Include="GameL\DrawTexture.h">
      <Filter>リソース ファイル</Filter>
    </ClInclude>
    <ClInclude Include="GameL\HitBoxManager.h">
      <Filter>リソース ファイル</Filter>
    </ClInclude>
    <ClInclude Include="GameL\MultiThread.h">
      <Filter>リソース ファイル</Filter>
    </ClInclude>
    <ClInclude Include="GameL\SceneManager.h">
      <Filter>リソース ファイル</Filter>
    </ClInclude>
    <ClInclude Include="GameL\SceneObjManager.h">
      <Filter>リソース ファイル</Filter>
    </ClInclude>
    <ClInclude Include="GameL\SetWindow.h">
      <Filter>リソース ファイル</Filter>
    </ClInclude>
    <ClInclude Include="GameL\UserData.h">
      <Filter>リソース ファイル</Filter>
    </ClInclude>
    <ClInclude Include="GameL\WinInputs.h">
      <Filter>リソース ファイル</Filter>
    </ClInclude>
    <ClInclude Include="GameHead.h">
      <Filter>ヘッダー ファイル</Filter>
    </ClInclude>
    <ClInclude Include="main.h">
      <Filter>ヘッダー ファイル</Filter>
    </ClInclude>
    <ClInclude Include="ObjMenu.h">
      <Filter>ソース ファイル\Menu</Filter>
    </ClInclude>
    <ClInclude Include="SceneMain.h">
      <Filter>ソース ファイル</Filter>
    </ClInclude>
    <ClInclude Include="ObjItem.h">
      <Filter>ソース ファイル\Item</Filter>
    </ClInclude>
    <ClInclude Include="ObjMenu.h">
      <Filter>ソース ファイル\Menu</Filter>
    </ClInclude>
    <ClInclude Include="ScenemainSave.h">
      <Filter>ソース ファイル\mainSave</Filter>
    </ClInclude>
    <ClInclude Include="SceneSave1.h">
      <Filter>ソース ファイル\Save1</Filter>
    </ClInclude>
    <ClInclude Include="SceneSave2.h">
      <Filter>ソース ファイル\Save2</Filter>
    </ClInclude>
    <ClInclude Include="SceneSave3.h">
      <Filter>ソース ファイル\Save3</Filter>
    </ClInclude>
    <ClInclude Include="ObjmainSave.h">
      <Filter>ソース ファイル\mainSave</Filter>
    </ClInclude>
    <ClInclude Include="ObjSave1.h">
      <Filter>ソース ファイル\Save1</Filter>
    </ClInclude>
    <ClInclude Include="ObjSave2.h">
      <Filter>ソース ファイル\Save2</Filter>
    </ClInclude>
    <ClInclude Include="ObjSave3.h">
      <Filter>ソース ファイル\Save3</Filter>
    </ClInclude>
    <ClInclude Include="SceneMenu.h">
      <Filter>ソース ファイル\Menu</Filter>
    </ClInclude>
    <ClInclude Include="ObjItem.h">
      <Filter>ソース ファイル\Item</Filter>
    </ClInclude>
    <ClInclude Include="SceneItem.h">
      <Filter>ソース ファイル\Item</Filter>
    </ClInclude>
    <ClInclude Include="ObjGameOver.h">
      <Filter>ソース ファイル\GameOver</Filter>
    </ClInclude>
    <ClInclude Include="SceneGameOver.h">
      <Filter>ソース ファイル\GameOver</Filter>
    </ClInclude>
    <ClInclude Include="ObjRoad.h">
      <Filter>ソース ファイル\Road</Filter>
    </ClInclude>
    <ClInclude Include="SceneRoad.h">
      <Filter>ソース ファイル\Road</Filter>
    </ClInclude>
    <ClInclude Include="ObjTitle.h">
      <Filter>ソース ファイル\Title</Filter>
    </ClInclude>
    <ClInclude Include="SceneTitle.h">
      <Filter>ソース ファイル\Title</Filter>
    </ClInclude>
    <ClInclude Include="SceneEquipped.h">
      <Filter>ソース ファイル\Tear spray Equipment</Filter>
    </ClInclude>
    <ClInclude Include="ObjEquipped.h">
      <Filter>ソース ファイル\Tear spray Equipment</Filter>
    </ClInclude>
    <ClInclude Include="OBJEquipped2.h">
      <Filter>ソース ファイル\Cross Equipment</Filter>
    </ClInclude>
    <ClInclude Include="SceneEquipped2.h">
      <Filter>ソース ファイル\Cross Equipment</Filter>
    </ClInclude>
    <ClInclude Include="ObjEnemy.h">
      <Filter>ソース ファイル\Enemy</Filter>
    </ClInclude>
    <ClInclude Include="ObjHero.h">
      <Filter>ソース ファイル\Hero</Filter>
    </ClInclude>
    <ClInclude Include="objstage.h">
      <Filter>ソース ファイル\Stage</Filter>
    </ClInclude>
    <ClInclude Include="ObjMap.h">
      <Filter>ソース ファイル\Map</Filter>
    </ClInclude>
    <ClInclude Include="Objtrap.h">
      <Filter>ソース ファイル</Filter>
    </ClInclude>
    <ClInclude Include="ObjFurniture.h">
      <Filter>ソース ファイル\Furniture</Filter>
    </ClInclude>
    <ClInclude Include="ObjFurniture1.h">
      <Filter>ソース ファイル\Furniture</Filter>
    </ClInclude>
    <ClInclude Include="ObjFurniture2.h">
      <Filter>ソース ファイル\Furniture</Filter>
    </ClInclude>
    <ClInclude Include="SceneEquipped3.h">
      <Filter>ソース ファイル\NewFilter1</Filter>
    </ClInclude>
    <ClInclude Include="OBJEquipped3.h">
      <Filter>ソース ファイル\NewFilter1</Filter>
    </ClInclude>
  </ItemGroup>
</Project>