<?xml version="1.0" encoding="utf-8"?>
<Project ToolsVersion="4.0" xmlns="http://schemas.microsoft.com/developer/msbuild/2003">
  <ItemGroup>
    <Filter Include="ソース ファイル">
      <UniqueIdentifier>{4FC737F1-C7A5-4376-A066-2A32D752A2FF}</UniqueIdentifier>
      <Extensions>cpp;c;cc;cxx;def;odl;idl;hpj;bat;asm;asmx</Extensions>
    </Filter>
    <Filter Include="ヘッダー ファイル">
      <UniqueIdentifier>{93995380-89BD-4b04-88EB-625FBE52EBFB}</UniqueIdentifier>
      <Extensions>h;hh;hpp;hxx;hm;inl;inc;ipp;xsd</Extensions>
    </Filter>
    <Filter Include="リソース ファイル">
      <UniqueIdentifier>{67DA6AB6-F800-4c08-8B7A-83BB121AAD01}</UniqueIdentifier>
      <Extensions>rc;ico;cur;bmp;dlg;rc2;rct;bin;rgs;gif;jpg;jpeg;jpe;resx;tiff;tif;png;wav;mfcribbon-ms</Extensions>
    </Filter>
    <Filter Include="ソース ファイル\Title">
      <UniqueIdentifier>{820ba590-211d-4b31-a712-8981ea1eb56c}</UniqueIdentifier>
    </Filter>
    <Filter Include="ソース ファイル\Furniture">
      <UniqueIdentifier>{4c23f0bf-4208-4620-80e9-a4b6013188b1}</UniqueIdentifier>
    </Filter>
    <Filter Include="ソース ファイル\Enemy">
      <UniqueIdentifier>{442e2d59-6d6e-42b4-b298-30514e2d4b9a}</UniqueIdentifier>
    </Filter>
    <Filter Include="ソース ファイル\Stage">
      <UniqueIdentifier>{d4c33757-cb2d-4436-bb40-914689050bf6}</UniqueIdentifier>
    </Filter>
    <Filter Include="ソース ファイル\Map">
      <UniqueIdentifier>{2ce77504-a045-4121-bec6-79345c05866f}</UniqueIdentifier>
    </Filter>
    <Filter Include="ソース ファイル\Hero">
      <UniqueIdentifier>{4a77a3bf-f683-4e12-b3f8-ee0efd33c8f7}</UniqueIdentifier>
    </Filter>
    <Filter Include="ソース ファイル\Map\Scene">
      <UniqueIdentifier>{da1e7cf5-09bf-4d53-ac6a-6fab1b73af61}</UniqueIdentifier>
    </Filter>
    <Filter Include="ソース ファイル\Trap">
      <UniqueIdentifier>{98068357-c056-4901-a3ab-8a54a1c7136a}</UniqueIdentifier>
    </Filter>
    <Filter Include="ソース ファイル\Main">
      <UniqueIdentifier>{4b1e66fe-d1a0-4007-973f-de8b8d5d27cc}</UniqueIdentifier>
    </Filter>
    <Filter Include="ソース ファイル\謎解き">
      <UniqueIdentifier>{5cb68e86-4710-49cb-b375-c7a7cd101551}</UniqueIdentifier>
    </Filter>
    <Filter Include="ソース ファイル\GameOver">
      <UniqueIdentifier>{f0c22939-a381-41cf-85f7-075a0ca5687c}</UniqueIdentifier>
    </Filter>
    <Filter Include="ソース ファイル\クローゼット">
      <UniqueIdentifier>{131aeec8-3eae-4dc6-9382-8face9f286e8}</UniqueIdentifier>
    </Filter>
    <Filter Include="ソース ファイル\GameClear">
      <UniqueIdentifier>{b25c3e49-e4ad-4226-8ea7-d951b70b2d84}</UniqueIdentifier>
    </Filter>
    <Filter Include="ソース ファイル\新しいMenu">
      <UniqueIdentifier>{807d0d64-45a7-4cdf-98df-9223869e248e}</UniqueIdentifier>
    </Filter>
    <Filter Include="ソース ファイル\item">
      <UniqueIdentifier>{d6044157-da1c-4c00-b0d1-7b8ffbf273e2}</UniqueIdentifier>
    </Filter>
  </ItemGroup>
  <ItemGroup>
    <ClCompile Include="GameL\Audio.cpp">
      <Filter>リソース ファイル</Filter>
    </ClCompile>
    <ClCompile Include="GameL\DirectXDevice.cpp">
      <Filter>リソース ファイル</Filter>
    </ClCompile>
    <ClCompile Include="GameL\Draw2DTex_Source.cpp">
      <Filter>リソース ファイル</Filter>
    </ClCompile>
    <ClCompile Include="GameL\DrawFont.cpp">
      <Filter>リソース ファイル</Filter>
    </ClCompile>
    <ClCompile Include="GameL\DrawTexture.cpp">
      <Filter>リソース ファイル</Filter>
    </ClCompile>
    <ClCompile Include="GameL\GameL_Main.cpp">
      <Filter>リソース ファイル</Filter>
    </ClCompile>
    <ClCompile Include="GameL\HitBoxManager.cpp">
      <Filter>リソース ファイル</Filter>
    </ClCompile>
    <ClCompile Include="GameL\MultiThread.cpp">
      <Filter>リソース ファイル</Filter>
    </ClCompile>
    <ClCompile Include="GameL\SceneManager.cpp">
      <Filter>リソース ファイル</Filter>
    </ClCompile>
    <ClCompile Include="GameL\SceneObjManager.cpp">
      <Filter>リソース ファイル</Filter>
    </ClCompile>
    <ClCompile Include="GameL\SetWindow.cpp">
      <Filter>リソース ファイル</Filter>
    </ClCompile>
    <ClCompile Include="GameL\UserData.cpp">
      <Filter>リソース ファイル</Filter>
    </ClCompile>
    <ClCompile Include="GameL\WinInputs.cpp">
      <Filter>リソース ファイル</Filter>
    </ClCompile>
    <ClCompile Include="ObjGameOver.cpp">
      <Filter>ソース ファイル\GameOver</Filter>
    </ClCompile>
    <ClCompile Include="SceneGameOver.cpp">
      <Filter>ソース ファイル\GameOver</Filter>
    </ClCompile>
    <ClCompile Include="SceneTitle.cpp">
      <Filter>ソース ファイル\Title</Filter>
    </ClCompile>
    <ClCompile Include="ObjTitle.cpp">
      <Filter>ソース ファイル\Title</Filter>
    </ClCompile>
    <ClCompile Include="SceneTitle.cpp">
      <Filter>ソース ファイル\Title</Filter>
    </ClCompile>
    <ClCompile Include="ObjEnemy.cpp">
      <Filter>ソース ファイル\Enemy</Filter>
    </ClCompile>
    <ClCompile Include="ObjHero.cpp">
      <Filter>ソース ファイル\Hero</Filter>
    </ClCompile>
    <ClCompile Include="objstage.cpp">
      <Filter>ソース ファイル\Stage</Filter>
    </ClCompile>
    <ClCompile Include="ObjMap.cpp">
      <Filter>ソース ファイル\Map</Filter>
    </ClCompile>
    <ClCompile Include="ObjFurnirure2.cpp">
      <Filter>ソース ファイル\Furniture</Filter>
    </ClCompile>
    <ClCompile Include="ObjFurniture1.cpp">
      <Filter>ソース ファイル\Furniture</Filter>
    </ClCompile>
    <ClCompile Include="ObjFurniture.cpp">
      <Filter>ソース ファイル\Furniture</Filter>
    </ClCompile>
    <ClCompile Include="ObjFurniture3.cpp">
      <Filter>ソース ファイル\Furniture</Filter>
    </ClCompile>
    <ClCompile Include="Map2.cpp">
      <Filter>ソース ファイル\Map</Filter>
    </ClCompile>
    <ClCompile Include="Map3.cpp">
      <Filter>ソース ファイル\Map</Filter>
    </ClCompile>
    <ClCompile Include="Map4.cpp">
      <Filter>ソース ファイル\Map</Filter>
    </ClCompile>
    <ClCompile Include="Map5.cpp">
      <Filter>ソース ファイル\Map</Filter>
    </ClCompile>
    <ClCompile Include="Map6.cpp">
      <Filter>ソース ファイル\Map</Filter>
    </ClCompile>
    <ClCompile Include="SceneMap3.cpp">
      <Filter>ソース ファイル\Map\Scene</Filter>
    </ClCompile>
    <ClCompile Include="SceneMap4.cpp">
      <Filter>ソース ファイル\Map\Scene</Filter>
    </ClCompile>
    <ClCompile Include="SceneMap5.cpp">
      <Filter>ソース ファイル\Map\Scene</Filter>
    </ClCompile>
    <ClCompile Include="SceneMap6.cpp">
      <Filter>ソース ファイル\Map\Scene</Filter>
    </ClCompile>
    <ClCompile Include="SceneMap.cpp">
      <Filter>ソース ファイル\Map\Scene</Filter>
    </ClCompile>
    <ClCompile Include="SceneMap2.cpp">
      <Filter>ソース ファイル\Map\Scene</Filter>
    </ClCompile>
    <ClCompile Include="Map2.cpp">
      <Filter>ソース ファイル</Filter>
    </ClCompile>
    <ClCompile Include="Map3.cpp">
      <Filter>ソース ファイル</Filter>
    </ClCompile>
    <ClCompile Include="Map4.cpp">
      <Filter>ソース ファイル</Filter>
    </ClCompile>
    <ClCompile Include="Map5.cpp">
      <Filter>ソース ファイル</Filter>
    </ClCompile>
    <ClCompile Include="Map6.cpp">
      <Filter>ソース ファイル</Filter>
    </ClCompile>
    <ClCompile Include="ObjFurniture3.cpp">
      <Filter>ソース ファイル</Filter>
    </ClCompile>
    <ClCompile Include="SceneMap3.cpp">
      <Filter>ソース ファイル</Filter>
    </ClCompile>
    <ClCompile Include="SceneMap4.cpp">
      <Filter>ソース ファイル</Filter>
    </ClCompile>
    <ClCompile Include="SceneMap5.cpp">
      <Filter>ソース ファイル</Filter>
    </ClCompile>
    <ClCompile Include="SceneMap6.cpp">
      <Filter>ソース ファイル</Filter>
    </ClCompile>
    <ClCompile Include="Map2.cpp">
      <Filter>ソース ファイル</Filter>
    </ClCompile>
    <ClCompile Include="Map3.cpp">
      <Filter>ソース ファイル</Filter>
    </ClCompile>
    <ClCompile Include="Map4.cpp">
      <Filter>ソース ファイル</Filter>
    </ClCompile>
    <ClCompile Include="Map5.cpp">
      <Filter>ソース ファイル</Filter>
    </ClCompile>
    <ClCompile Include="Map6.cpp">
      <Filter>ソース ファイル</Filter>
    </ClCompile>
    <ClCompile Include="ObjFurniture3.cpp">
      <Filter>ソース ファイル</Filter>
    </ClCompile>
    <ClCompile Include="SceneMap3.cpp">
      <Filter>ソース ファイル</Filter>
    </ClCompile>
    <ClCompile Include="SceneMap4.cpp">
      <Filter>ソース ファイル</Filter>
    </ClCompile>
    <ClCompile Include="SceneMap5.cpp">
      <Filter>ソース ファイル</Filter>
    </ClCompile>
    <ClCompile Include="SceneMap6.cpp">
      <Filter>ソース ファイル</Filter>
    </ClCompile>
    <ClCompile Include="ObjFurniture6.cpp">
      <Filter>ソース ファイル\Furniture</Filter>
    </ClCompile>
    <ClCompile Include="ObjFurnirure5.cpp">
      <Filter>ソース ファイル\Furniture</Filter>
    </ClCompile>
    <ClCompile Include="ObjFurnirure4.cpp">
      <Filter>ソース ファイル\Furniture</Filter>
    </ClCompile>
    <ClCompile Include="ObjFurnirure7.cpp">
      <Filter>ソース ファイル\Furniture</Filter>
    </ClCompile>
    <ClCompile Include="ObjFurniture8.cpp">
      <Filter>ソース ファイル\Furniture</Filter>
    </ClCompile>
    <ClCompile Include="Objtrap.cpp">
      <Filter>ソース ファイル\Trap</Filter>
    </ClCompile>
    <ClCompile Include="ObjMain.cpp">
      <Filter>ソース ファイル\Main</Filter>
    </ClCompile>
    <ClCompile Include="SceneMain.cpp">
      <Filter>ソース ファイル\Main</Filter>
    </ClCompile>
    <ClCompile Include="ObjFurniture9.cpp">
      <Filter>ソース ファイル\Furniture</Filter>
    </ClCompile>
    <ClCompile Include="ObjFurniture10.cpp">
      <Filter>ソース ファイル\Furniture</Filter>
    </ClCompile>
    <ClCompile Include="ObjCloset.cpp">
      <Filter>ソース ファイル\クローゼット</Filter>
    </ClCompile>
    <ClCompile Include="ObjFurniture16.cpp">
      <Filter>ソース ファイル\Furniture</Filter>
    </ClCompile>
    <ClCompile Include="ObjFurniture17.cpp">
      <Filter>ソース ファイル\Furniture</Filter>
    </ClCompile>
    <ClCompile Include="ObjFurniture18.cpp">
      <Filter>ソース ファイル\Furniture</Filter>
    </ClCompile>
    <ClCompile Include="ObjFurniture19.cpp">
      <Filter>ソース ファイル\Furniture</Filter>
    </ClCompile>
    <ClCompile Include="ObjFurniture20.cpp">
      <Filter>ソース ファイル\Furniture</Filter>
    </ClCompile>
    <ClCompile Include="ObjFurniture21.cpp">
      <Filter>ソース ファイル\Furniture</Filter>
    </ClCompile>
    <ClCompile Include="ObjFurniture22.cpp">
      <Filter>ソース ファイル\Furniture</Filter>
    </ClCompile>
    <ClCompile Include="ObjFurniture23.cpp">
      <Filter>ソース ファイル\Furniture</Filter>
    </ClCompile>
    <ClCompile Include="objFurniture24.cpp">
      <Filter>ソース ファイル\Furniture</Filter>
    </ClCompile>
    <ClCompile Include="ObjFurniture25.cpp">
      <Filter>ソース ファイル\Furniture</Filter>
    </ClCompile>
    <ClCompile Include="ObjFurniture11.cpp">
      <Filter>ソース ファイル\Furniture</Filter>
    </ClCompile>
    <ClCompile Include="ObjFurniture12.cpp">
      <Filter>ソース ファイル\Furniture</Filter>
    </ClCompile>
    <ClCompile Include="ObjFurniture13.cpp">
      <Filter>ソース ファイル\Furniture</Filter>
    </ClCompile>
    <ClCompile Include="ObjFurniture14.cpp">
      <Filter>ソース ファイル\Furniture</Filter>
    </ClCompile>
    <ClCompile Include="ObjFurniture15.cpp">
      <Filter>ソース ファイル\Furniture</Filter>
    </ClCompile>
    <ClCompile Include="ObjFurniture26.cpp">
      <Filter>ソース ファイル\Furniture</Filter>
    </ClCompile>
    <ClCompile Include="ObjFurniture27.cpp">
      <Filter>ソース ファイル\Furniture</Filter>
    </ClCompile>
    <ClCompile Include="ObjFurniture28.cpp">
      <Filter>ソース ファイル\Furniture</Filter>
    </ClCompile>
    <ClCompile Include="ObjFurniture29.cpp">
      <Filter>ソース ファイル\Furniture</Filter>
    </ClCompile>
    <ClCompile Include="ObjFurniture30.cpp">
      <Filter>ソース ファイル\Furniture</Filter>
    </ClCompile>
    <ClCompile Include="ObjFurniture31.cpp">
      <Filter>ソース ファイル\Furniture</Filter>
    </ClCompile>
    <ClCompile Include="ObjFurniture32.cpp">
      <Filter>ソース ファイル\Furniture</Filter>
    </ClCompile>
    <ClCompile Include="ObjFurniture33.cpp">
      <Filter>ソース ファイル\Furniture</Filter>
    </ClCompile>
    <ClCompile Include="ObjFurniture34.cpp">
      <Filter>ソース ファイル\Furniture</Filter>
    </ClCompile>
    <ClCompile Include="ObjFurniture35.cpp">
      <Filter>ソース ファイル\Furniture</Filter>
    </ClCompile>
    <ClCompile Include="ObjFurniture36.cpp">
      <Filter>ソース ファイル\Furniture</Filter>
    </ClCompile>
    <ClCompile Include="ObjFurniture37.cpp">
      <Filter>ソース ファイル\Furniture</Filter>
    </ClCompile>
    <ClCompile Include="ObjFurniture38.cpp">
      <Filter>ソース ファイル\Furniture</Filter>
    </ClCompile>
    <ClCompile Include="ObjFurniture39.cpp">
      <Filter>ソース ファイル\Furniture</Filter>
    </ClCompile>
    <ClCompile Include="ObjFurniture40.cpp">
      <Filter>ソース ファイル\Furniture</Filter>
    </ClCompile>
    <ClCompile Include="ObjFurniture41.cpp">
      <Filter>ソース ファイル\Furniture</Filter>
    </ClCompile>
    <ClCompile Include="ObjFurniture42.cpp">
      <Filter>ソース ファイル\Furniture</Filter>
    </ClCompile>
    <ClCompile Include="ObjFurniture43.cpp">
      <Filter>ソース ファイル\Furniture</Filter>
    </ClCompile>
    <ClCompile Include="ObjGameClear.cpp">
      <Filter>ソース ファイル\GameClear</Filter>
    </ClCompile>
    <ClCompile Include="SceneGameClear.cpp">
      <Filter>ソース ファイル\GameClear</Filter>
    </ClCompile>
    <ClCompile Include="ObjFurniture11.cpp">
      <Filter>ソース ファイル</Filter>
    </ClCompile>
    <ClCompile Include="ObjFurniture12.cpp">
      <Filter>ソース ファイル</Filter>
    </ClCompile>
    <ClCompile Include="ObjFurniture13.cpp">
      <Filter>ソース ファイル</Filter>
    </ClCompile>
    <ClCompile Include="ObjFurniture14.cpp">
      <Filter>ソース ファイル</Filter>
    </ClCompile>
    <ClCompile Include="ObjFurniture15.cpp">
      <Filter>ソース ファイル</Filter>
    </ClCompile>
    <ClCompile Include="ObjFurniture16.cpp">
      <Filter>ソース ファイル</Filter>
    </ClCompile>
    <ClCompile Include="ObjFurniture17.cpp">
      <Filter>ソース ファイル</Filter>
    </ClCompile>
    <ClCompile Include="ObjFurniture18.cpp">
      <Filter>ソース ファイル</Filter>
    </ClCompile>
    <ClCompile Include="ObjFurniture19.cpp">
      <Filter>ソース ファイル</Filter>
    </ClCompile>
    <ClCompile Include="ObjFurniture20.cpp">
      <Filter>ソース ファイル</Filter>
    </ClCompile>
    <ClCompile Include="ObjFurniture21.cpp">
      <Filter>ソース ファイル</Filter>
    </ClCompile>
    <ClCompile Include="ObjFurniture22.cpp">
      <Filter>ソース ファイル</Filter>
    </ClCompile>
    <ClCompile Include="ObjFurniture23.cpp">
      <Filter>ソース ファイル</Filter>
    </ClCompile>
    <ClCompile Include="objFurniture24.cpp">
      <Filter>ソース ファイル</Filter>
    </ClCompile>
    <ClCompile Include="ObjFurniture25.cpp">
      <Filter>ソース ファイル</Filter>
    </ClCompile>
    <ClCompile Include="ObjMenu2.cpp">
      <Filter>ソース ファイル\新しいMenu</Filter>
    </ClCompile>
    <ClCompile Include="SceneMenu2.cpp">
      <Filter>ソース ファイル\新しいMenu</Filter>
    </ClCompile>
    <ClCompile Include="ObjMain.cpp">
      <Filter>ソース ファイル\Main</Filter>
    </ClCompile>
    <ClCompile Include="SceneCloset.cpp">
      <Filter>ソース ファイル\クローゼット</Filter>
    </ClCompile>
    <ClCompile Include="ObjItem.cpp">
      <Filter>ソース ファイル\item</Filter>
    </ClCompile>
    <ClCompile Include="Objsolve.cpp">
      <Filter>ソース ファイル\謎解き</Filter>
    </ClCompile>
    <ClCompile Include="Objsolve2.cpp">
      <Filter>ソース ファイル\謎解き</Filter>
    </ClCompile>
    <ClCompile Include="Scenesolve.cpp">
      <Filter>ソース ファイル\謎解き</Filter>
    </ClCompile>
    <ClCompile Include="Scenesolve2.cpp">
      <Filter>ソース ファイル\謎解き</Filter>
    </ClCompile>
    <ClCompile Include="ObjFurnirure44.cpp">
      <Filter>ソース ファイル\Furniture</Filter>
    </ClCompile>
  </ItemGroup>
  <ItemGroup>
    <ClInclude Include="GameL\Audio.h">
      <Filter>リソース ファイル</Filter>
    </ClInclude>
    <ClInclude Include="GameL\DirectXDevice.h">
      <Filter>リソース ファイル</Filter>
    </ClInclude>
    <ClInclude Include="GameL\DrawFont.h">
      <Filter>リソース ファイル</Filter>
    </ClInclude>
    <ClInclude Include="GameL\DrawTexture.h">
      <Filter>リソース ファイル</Filter>
    </ClInclude>
    <ClInclude Include="GameL\HitBoxManager.h">
      <Filter>リソース ファイル</Filter>
    </ClInclude>
    <ClInclude Include="GameL\MultiThread.h">
      <Filter>リソース ファイル</Filter>
    </ClInclude>
    <ClInclude Include="GameL\SceneManager.h">
      <Filter>リソース ファイル</Filter>
    </ClInclude>
    <ClInclude Include="GameL\SceneObjManager.h">
      <Filter>リソース ファイル</Filter>
    </ClInclude>
    <ClInclude Include="GameL\SetWindow.h">
      <Filter>リソース ファイル</Filter>
    </ClInclude>
    <ClInclude Include="GameL\UserData.h">
      <Filter>リソース ファイル</Filter>
    </ClInclude>
    <ClInclude Include="GameL\WinInputs.h">
      <Filter>リソース ファイル</Filter>
    </ClInclude>
    <ClInclude Include="GameHead.h">
      <Filter>ヘッダー ファイル</Filter>
    </ClInclude>
    <ClInclude Include="main.h">
      <Filter>ヘッダー ファイル</Filter>
    </ClInclude>
    <ClInclude Include="ObjGameOver.h">
      <Filter>ソース ファイル\GameOver</Filter>
    </ClInclude>
    <ClInclude Include="SceneGameOver.h">
      <Filter>ソース ファイル\GameOver</Filter>
    </ClInclude>
    <ClInclude Include="ObjTitle.h">
      <Filter>ソース ファイル\Title</Filter>
    </ClInclude>
    <ClInclude Include="SceneTitle.h">
      <Filter>ソース ファイル\Title</Filter>
    </ClInclude>
    <ClInclude Include="ObjEnemy.h">
      <Filter>ソース ファイル\Enemy</Filter>
    </ClInclude>
    <ClInclude Include="ObjHero.h">
      <Filter>ソース ファイル\Hero</Filter>
    </ClInclude>
    <ClInclude Include="objstage.h">
      <Filter>ソース ファイル\Stage</Filter>
    </ClInclude>
    <ClInclude Include="ObjMap.h">
      <Filter>ソース ファイル\Map</Filter>
    </ClInclude>
    <ClInclude Include="ObjFurniture2.h">
      <Filter>ソース ファイル\Furniture</Filter>
    </ClInclude>
    <ClInclude Include="ObjFurniture.h">
      <Filter>ソース ファイル\Furniture</Filter>
    </ClInclude>
    <ClInclude Include="ObjFurniture1.h">
      <Filter>ソース ファイル\Furniture</Filter>
    </ClInclude>
    <ClInclude Include="ObjFurniture3.h">
      <Filter>ソース ファイル\Furniture</Filter>
    </ClInclude>
    <ClInclude Include="Map2.h">
      <Filter>ソース ファイル\Map</Filter>
    </ClInclude>
    <ClInclude Include="Map3.h">
      <Filter>ソース ファイル\Map</Filter>
    </ClInclude>
    <ClInclude Include="Map4.h">
      <Filter>ソース ファイル\Map</Filter>
    </ClInclude>
    <ClInclude Include="Map5.h">
      <Filter>ソース ファイル\Map</Filter>
    </ClInclude>
    <ClInclude Include="Map6.h">
      <Filter>ソース ファイル\Map</Filter>
    </ClInclude>
    <ClInclude Include="SceneMap3.h">
      <Filter>ソース ファイル\Map\Scene</Filter>
    </ClInclude>
    <ClInclude Include="SceneMap4.h">
      <Filter>ソース ファイル\Map\Scene</Filter>
    </ClInclude>
    <ClInclude Include="SceneMap5.h">
      <Filter>ソース ファイル\Map\Scene</Filter>
    </ClInclude>
    <ClInclude Include="SceneMap6.h">
      <Filter>ソース ファイル\Map\Scene</Filter>
    </ClInclude>
    <ClInclude Include="SceneMap.h">
      <Filter>ソース ファイル\Map\Scene</Filter>
    </ClInclude>
    <ClInclude Include="SceneMap2.h">
      <Filter>ソース ファイル\Map\Scene</Filter>
    </ClInclude>
    <ClInclude Include="Map2.h">
      <Filter>ヘッダー ファイル</Filter>
    </ClInclude>
    <ClInclude Include="Map3.h">
      <Filter>ヘッダー ファイル</Filter>
    </ClInclude>
    <ClInclude Include="Map4.h">
      <Filter>ヘッダー ファイル</Filter>
    </ClInclude>
    <ClInclude Include="Map5.h">
      <Filter>ヘッダー ファイル</Filter>
    </ClInclude>
    <ClInclude Include="Map6.h">
      <Filter>ヘッダー ファイル</Filter>
    </ClInclude>
    <ClInclude Include="ObjFurniture3.h">
      <Filter>ヘッダー ファイル</Filter>
    </ClInclude>
    <ClInclude Include="SceneMap3.h">
      <Filter>ヘッダー ファイル</Filter>
    </ClInclude>
    <ClInclude Include="SceneMap4.h">
      <Filter>ヘッダー ファイル</Filter>
    </ClInclude>
    <ClInclude Include="SceneMap5.h">
      <Filter>ヘッダー ファイル</Filter>
    </ClInclude>
    <ClInclude Include="SceneMap6.h">
      <Filter>ヘッダー ファイル</Filter>
    </ClInclude>
    <ClInclude Include="Map2.h">
      <Filter>ヘッダー ファイル</Filter>
    </ClInclude>
    <ClInclude Include="Map3.h">
      <Filter>ヘッダー ファイル</Filter>
    </ClInclude>
    <ClInclude Include="Map4.h">
      <Filter>ヘッダー ファイル</Filter>
    </ClInclude>
    <ClInclude Include="Map5.h">
      <Filter>ヘッダー ファイル</Filter>
    </ClInclude>
    <ClInclude Include="Map6.h">
      <Filter>ヘッダー ファイル</Filter>
    </ClInclude>
    <ClInclude Include="SceneMap3.h">
      <Filter>ヘッダー ファイル</Filter>
    </ClInclude>
    <ClInclude Include="SceneMap4.h">
      <Filter>ヘッダー ファイル</Filter>
    </ClInclude>
    <ClInclude Include="SceneMap5.h">
      <Filter>ヘッダー ファイル</Filter>
    </ClInclude>
    <ClInclude Include="SceneMap6.h">
      <Filter>ヘッダー ファイル</Filter>
    </ClInclude>
    <ClInclude Include="ObjFurniture3.h">
      <Filter>ソース ファイル\Furniture</Filter>
    </ClInclude>
    <ClInclude Include="ObjFurniture6.h">
      <Filter>ソース ファイル\Furniture</Filter>
    </ClInclude>
    <ClInclude Include="ObjFurniture4.h">
      <Filter>ソース ファイル\Furniture</Filter>
    </ClInclude>
    <ClInclude Include="ObjFurniture5.h">
      <Filter>ソース ファイル\Furniture</Filter>
    </ClInclude>
    <ClInclude Include="ObjFurnirure7.h">
      <Filter>ソース ファイル\Furniture</Filter>
    </ClInclude>
    <ClInclude Include="ObjFurniture8.h">
      <Filter>ソース ファイル\Furniture</Filter>
    </ClInclude>
    <ClInclude Include="Objtrap.h">
      <Filter>ソース ファイル\Trap</Filter>
    </ClInclude>
    <ClInclude Include="ObjMain.h">
      <Filter>ソース ファイル\Main</Filter>
    </ClInclude>
    <ClInclude Include="SceneMain.h">
      <Filter>ソース ファイル\Main</Filter>
    </ClInclude>
    <ClInclude Include="ObjFurniture9.h">
      <Filter>ソース ファイル\Furniture</Filter>
    </ClInclude>
    <ClInclude Include="ObjFurniture10.h">
      <Filter>ソース ファイル\Furniture</Filter>
    </ClInclude>
    <ClInclude Include="ObjCloset.h">
      <Filter>ソース ファイル\クローゼット</Filter>
    </ClInclude>
    <ClInclude Include="SceneCloset.h">
      <Filter>ソース ファイル\クローゼット</Filter>
    </ClInclude>
    <ClInclude Include="ObjFurniture16.h">
      <Filter>ソース ファイル\Furniture</Filter>
    </ClInclude>
    <ClInclude Include="ObjFurniture17.h">
      <Filter>ソース ファイル\Furniture</Filter>
    </ClInclude>
    <ClInclude Include="ObjFurniture18.h">
      <Filter>ソース ファイル\Furniture</Filter>
    </ClInclude>
    <ClInclude Include="ObjFurniture19.h">
      <Filter>ソース ファイル\Furniture</Filter>
    </ClInclude>
    <ClInclude Include="ObjFurniture20.h">
      <Filter>ソース ファイル\Furniture</Filter>
    </ClInclude>
    <ClInclude Include="ObjFurniture21.h">
      <Filter>ソース ファイル\Furniture</Filter>
    </ClInclude>
    <ClInclude Include="ObjFurniture22.h">
      <Filter>ソース ファイル\Furniture</Filter>
    </ClInclude>
    <ClInclude Include="ObjFurniture23.h">
      <Filter>ソース ファイル\Furniture</Filter>
    </ClInclude>
    <ClInclude Include="ObjFurniture24.h">
      <Filter>ソース ファイル\Furniture</Filter>
    </ClInclude>
    <ClInclude Include="ObjFurniture25.h">
      <Filter>ソース ファイル\Furniture</Filter>
    </ClInclude>
    <ClInclude Include="ObjFurniture11.h">
      <Filter>ソース ファイル\Furniture</Filter>
    </ClInclude>
    <ClInclude Include="ObjFurniture13.h">
      <Filter>ソース ファイル\Furniture</Filter>
    </ClInclude>
    <ClInclude Include="ObjFurniture12.h">
      <Filter>ソース ファイル\Furniture</Filter>
    </ClInclude>
    <ClInclude Include="ObjFurniture14.h">
      <Filter>ソース ファイル\Furniture</Filter>
    </ClInclude>
    <ClInclude Include="ObjFurniture15.h">
      <Filter>ソース ファイル\Furniture</Filter>
    </ClInclude>
    <ClInclude Include="ObjFurniture26.h">
      <Filter>ソース ファイル\Furniture</Filter>
    </ClInclude>
    <ClInclude Include="ObjFurniture27.h">
      <Filter>ソース ファイル\Furniture</Filter>
    </ClInclude>
    <ClInclude Include="ObjFurniture28.h">
      <Filter>ソース ファイル\Furniture</Filter>
    </ClInclude>
    <ClInclude Include="ObjFurniture29.h">
      <Filter>ソース ファイル\Furniture</Filter>
    </ClInclude>
    <ClInclude Include="ObjFurniture30.h">
      <Filter>ソース ファイル\Furniture</Filter>
    </ClInclude>
    <ClInclude Include="ObjFurniture31.h">
      <Filter>ソース ファイル\Furniture</Filter>
    </ClInclude>
    <ClInclude Include="ObjFurniture32.h">
      <Filter>ソース ファイル\Furniture</Filter>
    </ClInclude>
    <ClInclude Include="ObjFurniture33.h">
      <Filter>ソース ファイル\Furniture</Filter>
    </ClInclude>
    <ClInclude Include="ObjFurniture34.h">
      <Filter>ソース ファイル\Furniture</Filter>
    </ClInclude>
    <ClInclude Include="ObjFurniture35.h">
      <Filter>ソース ファイル\Furniture</Filter>
    </ClInclude>
    <ClInclude Include="ObjFurniture36.h">
      <Filter>ソース ファイル\Furniture</Filter>
    </ClInclude>
    <ClInclude Include="ObjFurniture37.h">
      <Filter>ソース ファイル\Furniture</Filter>
    </ClInclude>
    <ClInclude Include="ObjFurniture38.h">
      <Filter>ソース ファイル\Furniture</Filter>
    </ClInclude>
    <ClInclude Include="ObjFurniture39.h">
      <Filter>ソース ファイル\Furniture</Filter>
    </ClInclude>
    <ClInclude Include="ObjFurniture40.h">
      <Filter>ソース ファイル\Furniture</Filter>
    </ClInclude>
    <ClInclude Include="ObjFurniture41.h">
      <Filter>ソース ファイル\Furniture</Filter>
    </ClInclude>
    <ClInclude Include="ObjFurniture42.h">
      <Filter>ソース ファイル\Furniture</Filter>
    </ClInclude>
    <ClInclude Include="ObjFurniture43.h">
      <Filter>ソース ファイル\Furniture</Filter>
    </ClInclude>
    <ClInclude Include="ObjGameClear.h">
      <Filter>ソース ファイル\GameClear</Filter>
    </ClInclude>
    <ClInclude Include="SceneGameClear.h">
      <Filter>ソース ファイル\GameClear</Filter>
    </ClInclude>
    <ClInclude Include="ObjMenu2.h">
      <Filter>ソース ファイル\新しいMenu</Filter>
    </ClInclude>
    <ClInclude Include="SceneMenu2.h">
      <Filter>ソース ファイル\新しいMenu</Filter>
    </ClInclude>
    <ClInclude Include="ObjItem.h">
      <Filter>ソース ファイル\item</Filter>
    </ClInclude>
    <ClInclude Include="Objsolve.h">
      <Filter>ソース ファイル\謎解き</Filter>
    </ClInclude>
    <ClInclude Include="Objsolve2.h">
      <Filter>ソース ファイル\謎解き</Filter>
    </ClInclude>
    <ClInclude Include="Scenesolve.h">
      <Filter>ソース ファイル\謎解き</Filter>
    </ClInclude>
    <ClInclude Include="Scenesolve2.h">
      <Filter>ソース ファイル\謎解き</Filter>
    </ClInclude>
    <ClInclude Include="ObjFurnirure44.h">
      <Filter>ソース ファイル\Furniture</Filter>
    </ClInclude>
  </ItemGroup>
</Project>